// !$*UTF8*$!
{
	archiveVersion = 1;
	classes = {
	};
	objectVersion = 55;
	objects = {

/* Begin PBXBuildFile section */
		9F0949FC2859A43000662370 /* SearchBarHelper.swift in Sources */ = {isa = PBXBuildFile; fileRef = 9F0949FB2859A43000662370 /* SearchBarHelper.swift */; };
		9F094A002859AD2400662370 /* SearchView.swift in Sources */ = {isa = PBXBuildFile; fileRef = 9F0949FF2859AD2400662370 /* SearchView.swift */; };
		9F102EF6285A866E0022FBDB /* CameraPreviewHelper.swift in Sources */ = {isa = PBXBuildFile; fileRef = 9F102EF5285A866E0022FBDB /* CameraPreviewHelper.swift */; };
		9F102EF8285A869C0022FBDB /* CameraReaderView.swift in Sources */ = {isa = PBXBuildFile; fileRef = 9F102EF7285A869C0022FBDB /* CameraReaderView.swift */; };
		9F102EFA285A8CE50022FBDB /* PhotoButtonHelper.swift in Sources */ = {isa = PBXBuildFile; fileRef = 9F102EF9285A8CE50022FBDB /* PhotoButtonHelper.swift */; };
		9F25C174285FD334007E4D88 /* ItemConfimationDialogHelper.swift in Sources */ = {isa = PBXBuildFile; fileRef = 9F25C173285FD334007E4D88 /* ItemConfimationDialogHelper.swift */; };
		9F2DBE502861C332006655A2 /* StockClassifier.mlmodel in Sources */ = {isa = PBXBuildFile; fileRef = 9F2DBE4F2861C332006655A2 /* StockClassifier.mlmodel */; };
		9F3AFD3E28603C250069DB14 /* ItemCartHelper.swift in Sources */ = {isa = PBXBuildFile; fileRef = 9F3AFD3D28603C250069DB14 /* ItemCartHelper.swift */; };
		9F40EDC8285BCECC0053FFDF /* CartView.swift in Sources */ = {isa = PBXBuildFile; fileRef = 9F40EDC7285BCECC0053FFDF /* CartView.swift */; };
		9F470F5D286703E000768B57 /* ItemsHScrollViewHelper.swift in Sources */ = {isa = PBXBuildFile; fileRef = 9F470F5C286703E000768B57 /* ItemsHScrollViewHelper.swift */; };
		9F55653D28591F570092EC26 /* Essi_StockApp.swift in Sources */ = {isa = PBXBuildFile; fileRef = 9F55653C28591F570092EC26 /* Essi_StockApp.swift */; };
		9F55653F28591F570092EC26 /* ContentView.swift in Sources */ = {isa = PBXBuildFile; fileRef = 9F55653E28591F570092EC26 /* ContentView.swift */; };
		9F55654128591F590092EC26 /* Assets.xcassets in Resources */ = {isa = PBXBuildFile; fileRef = 9F55654028591F590092EC26 /* Assets.xcassets */; };
		9F55654428591F590092EC26 /* Preview Assets.xcassets in Resources */ = {isa = PBXBuildFile; fileRef = 9F55654328591F590092EC26 /* Preview Assets.xcassets */; };
		9F55654F2859209D0092EC26 /* APIServices.swift in Sources */ = {isa = PBXBuildFile; fileRef = 9F55654E2859209D0092EC26 /* APIServices.swift */; };
		9F556551285920C40092EC26 /* ItemModel.swift in Sources */ = {isa = PBXBuildFile; fileRef = 9F556550285920C40092EC26 /* ItemModel.swift */; };
		9F5565532859222A0092EC26 /* CategoritesView.swift in Sources */ = {isa = PBXBuildFile; fileRef = 9F5565522859222A0092EC26 /* CategoritesView.swift */; };
		9F556555285922400092EC26 /* CategoritesLevelOneView.swift in Sources */ = {isa = PBXBuildFile; fileRef = 9F556554285922400092EC26 /* CategoritesLevelOneView.swift */; };
		9F556557285922530092EC26 /* CategoritesLevelTwoView.swift in Sources */ = {isa = PBXBuildFile; fileRef = 9F556556285922530092EC26 /* CategoritesLevelTwoView.swift */; };
		9F5565592859226B0092EC26 /* ItemsView.swift in Sources */ = {isa = PBXBuildFile; fileRef = 9F5565582859226B0092EC26 /* ItemsView.swift */; };
		9F55655C28592B520092EC26 /* ItemCellHelper.swift in Sources */ = {isa = PBXBuildFile; fileRef = 9F55655B28592B520092EC26 /* ItemCellHelper.swift */; };
		9F55655E285937880092EC26 /* dataSource.json in Resources */ = {isa = PBXBuildFile; fileRef = 9F55655D285937880092EC26 /* dataSource.json */; };
		9F656A40285C4628003C00F7 /* ConfirmationDialogView.swift in Sources */ = {isa = PBXBuildFile; fileRef = 9F656A3F285C4628003C00F7 /* ConfirmationDialogView.swift */; };
		9F711EAB2862E5FE008B3FA1 /* TabStateViewModel.swift in Sources */ = {isa = PBXBuildFile; fileRef = 9F711EAA2862E5FE008B3FA1 /* TabStateViewModel.swift */; };
		9F88F837285A797F00D0A8C9 /* SegmentedControlHelper.swift in Sources */ = {isa = PBXBuildFile; fileRef = 9F88F836285A797F00D0A8C9 /* SegmentedControlHelper.swift */; };
		9F88F839285A79CF00D0A8C9 /* TabModel.swift in Sources */ = {isa = PBXBuildFile; fileRef = 9F88F838285A79CF00D0A8C9 /* TabModel.swift */; };
		9F88F83B285A7A7B00D0A8C9 /* HomeViewBuilderHelper.swift in Sources */ = {isa = PBXBuildFile; fileRef = 9F88F83A285A7A7B00D0A8C9 /* HomeViewBuilderHelper.swift */; };
		9F88F83D285A7A8B00D0A8C9 /* MainView.swift in Sources */ = {isa = PBXBuildFile; fileRef = 9F88F83C285A7A8B00D0A8C9 /* MainView.swift */; };
		9F88F83F285A7C1F00D0A8C9 /* HomeView.swift in Sources */ = {isa = PBXBuildFile; fileRef = 9F88F83E285A7C1F00D0A8C9 /* HomeView.swift */; };
		9FC646B02863ADC9003C480E /* TabStateModel.swift in Sources */ = {isa = PBXBuildFile; fileRef = 9FC646AF2863ADC9003C480E /* TabStateModel.swift */; };
		9FC646B22863B29A003C480E /* PersonalView.swift in Sources */ = {isa = PBXBuildFile; fileRef = 9FC646B12863B29A003C480E /* PersonalView.swift */; };
		9FC646B42863B310003C480E /* FavoritesView.swift in Sources */ = {isa = PBXBuildFile; fileRef = 9FC646B32863B310003C480E /* FavoritesView.swift */; };
		9FC646B62863B328003C480E /* RecentesView.swift in Sources */ = {isa = PBXBuildFile; fileRef = 9FC646B52863B328003C480E /* RecentesView.swift */; };
		9FFA80E0285AF21600318C25 /* StepperHelper.swift in Sources */ = {isa = PBXBuildFile; fileRef = 9FFA80DF285AF21600318C25 /* StepperHelper.swift */; };
		9FFA80E2285AF2AA00318C25 /* DetailsView.swift in Sources */ = {isa = PBXBuildFile; fileRef = 9FFA80E1285AF2AA00318C25 /* DetailsView.swift */; };
		9FFA80E4285AFD2E00318C25 /* DetailsViewModel.swift in Sources */ = {isa = PBXBuildFile; fileRef = 9FFA80E3285AFD2E00318C25 /* DetailsViewModel.swift */; };
/* End PBXBuildFile section */

/* Begin PBXFileReference section */
		9F0949FB2859A43000662370 /* SearchBarHelper.swift */ = {isa = PBXFileReference; lastKnownFileType = sourcecode.swift; path = SearchBarHelper.swift; sourceTree = "<group>"; };
		9F0949FF2859AD2400662370 /* SearchView.swift */ = {isa = PBXFileReference; lastKnownFileType = sourcecode.swift; path = SearchView.swift; sourceTree = "<group>"; };
		9F102EF5285A866E0022FBDB /* CameraPreviewHelper.swift */ = {isa = PBXFileReference; lastKnownFileType = sourcecode.swift; path = CameraPreviewHelper.swift; sourceTree = "<group>"; };
		9F102EF7285A869C0022FBDB /* CameraReaderView.swift */ = {isa = PBXFileReference; lastKnownFileType = sourcecode.swift; path = CameraReaderView.swift; sourceTree = "<group>"; };
		9F102EF9285A8CE50022FBDB /* PhotoButtonHelper.swift */ = {isa = PBXFileReference; lastKnownFileType = sourcecode.swift; path = PhotoButtonHelper.swift; sourceTree = "<group>"; };
		9F25C173285FD334007E4D88 /* ItemConfimationDialogHelper.swift */ = {isa = PBXFileReference; lastKnownFileType = sourcecode.swift; path = ItemConfimationDialogHelper.swift; sourceTree = "<group>"; };
		9F2DBE4F2861C332006655A2 /* StockClassifier.mlmodel */ = {isa = PBXFileReference; lastKnownFileType = file.mlmodel; path = StockClassifier.mlmodel; sourceTree = "<group>"; };
		9F3AFD3D28603C250069DB14 /* ItemCartHelper.swift */ = {isa = PBXFileReference; lastKnownFileType = sourcecode.swift; path = ItemCartHelper.swift; sourceTree = "<group>"; };
		9F40EDC7285BCECC0053FFDF /* CartView.swift */ = {isa = PBXFileReference; lastKnownFileType = sourcecode.swift; path = CartView.swift; sourceTree = "<group>"; };
		9F470F5C286703E000768B57 /* ItemsHScrollViewHelper.swift */ = {isa = PBXFileReference; lastKnownFileType = sourcecode.swift; path = ItemsHScrollViewHelper.swift; sourceTree = "<group>"; };
		9F55653928591F570092EC26 /* Essi Stock.app */ = {isa = PBXFileReference; explicitFileType = wrapper.application; includeInIndex = 0; path = "Essi Stock.app"; sourceTree = BUILT_PRODUCTS_DIR; };
		9F55653C28591F570092EC26 /* Essi_StockApp.swift */ = {isa = PBXFileReference; lastKnownFileType = sourcecode.swift; path = Essi_StockApp.swift; sourceTree = "<group>"; };
		9F55653E28591F570092EC26 /* ContentView.swift */ = {isa = PBXFileReference; lastKnownFileType = sourcecode.swift; path = ContentView.swift; sourceTree = "<group>"; };
		9F55654028591F590092EC26 /* Assets.xcassets */ = {isa = PBXFileReference; lastKnownFileType = folder.assetcatalog; path = Assets.xcassets; sourceTree = "<group>"; };
		9F55654328591F590092EC26 /* Preview Assets.xcassets */ = {isa = PBXFileReference; lastKnownFileType = folder.assetcatalog; path = "Preview Assets.xcassets"; sourceTree = "<group>"; };
		9F55654E2859209D0092EC26 /* APIServices.swift */ = {isa = PBXFileReference; lastKnownFileType = sourcecode.swift; path = APIServices.swift; sourceTree = "<group>"; };
		9F556550285920C40092EC26 /* ItemModel.swift */ = {isa = PBXFileReference; lastKnownFileType = sourcecode.swift; path = ItemModel.swift; sourceTree = "<group>"; };
		9F5565522859222A0092EC26 /* CategoritesView.swift */ = {isa = PBXFileReference; lastKnownFileType = sourcecode.swift; path = CategoritesView.swift; sourceTree = "<group>"; };
		9F556554285922400092EC26 /* CategoritesLevelOneView.swift */ = {isa = PBXFileReference; lastKnownFileType = sourcecode.swift; path = CategoritesLevelOneView.swift; sourceTree = "<group>"; };
		9F556556285922530092EC26 /* CategoritesLevelTwoView.swift */ = {isa = PBXFileReference; lastKnownFileType = sourcecode.swift; path = CategoritesLevelTwoView.swift; sourceTree = "<group>"; };
		9F5565582859226B0092EC26 /* ItemsView.swift */ = {isa = PBXFileReference; lastKnownFileType = sourcecode.swift; path = ItemsView.swift; sourceTree = "<group>"; };
		9F55655B28592B520092EC26 /* ItemCellHelper.swift */ = {isa = PBXFileReference; lastKnownFileType = sourcecode.swift; path = ItemCellHelper.swift; sourceTree = "<group>"; };
		9F55655D285937880092EC26 /* dataSource.json */ = {isa = PBXFileReference; fileEncoding = 4; lastKnownFileType = text.json; path = dataSource.json; sourceTree = "<group>"; };
		9F656A3F285C4628003C00F7 /* ConfirmationDialogView.swift */ = {isa = PBXFileReference; lastKnownFileType = sourcecode.swift; path = ConfirmationDialogView.swift; sourceTree = "<group>"; };
		9F711EAA2862E5FE008B3FA1 /* TabStateViewModel.swift */ = {isa = PBXFileReference; lastKnownFileType = sourcecode.swift; path = TabStateViewModel.swift; sourceTree = "<group>"; };
		9F88F836285A797F00D0A8C9 /* SegmentedControlHelper.swift */ = {isa = PBXFileReference; lastKnownFileType = sourcecode.swift; path = SegmentedControlHelper.swift; sourceTree = "<group>"; };
		9F88F838285A79CF00D0A8C9 /* TabModel.swift */ = {isa = PBXFileReference; lastKnownFileType = sourcecode.swift; path = TabModel.swift; sourceTree = "<group>"; };
		9F88F83A285A7A7B00D0A8C9 /* HomeViewBuilderHelper.swift */ = {isa = PBXFileReference; lastKnownFileType = sourcecode.swift; path = HomeViewBuilderHelper.swift; sourceTree = "<group>"; };
		9F88F83C285A7A8B00D0A8C9 /* MainView.swift */ = {isa = PBXFileReference; lastKnownFileType = sourcecode.swift; path = MainView.swift; sourceTree = "<group>"; };
		9F88F83E285A7C1F00D0A8C9 /* HomeView.swift */ = {isa = PBXFileReference; lastKnownFileType = sourcecode.swift; path = HomeView.swift; sourceTree = "<group>"; };
		9FC646AF2863ADC9003C480E /* TabStateModel.swift */ = {isa = PBXFileReference; lastKnownFileType = sourcecode.swift; path = TabStateModel.swift; sourceTree = "<group>"; };
		9FC646B12863B29A003C480E /* PersonalView.swift */ = {isa = PBXFileReference; lastKnownFileType = sourcecode.swift; path = PersonalView.swift; sourceTree = "<group>"; };
		9FC646B32863B310003C480E /* FavoritesView.swift */ = {isa = PBXFileReference; lastKnownFileType = sourcecode.swift; path = FavoritesView.swift; sourceTree = "<group>"; };
		9FC646B52863B328003C480E /* RecentesView.swift */ = {isa = PBXFileReference; lastKnownFileType = sourcecode.swift; path = RecentesView.swift; sourceTree = "<group>"; };
		9FFA80DF285AF21600318C25 /* StepperHelper.swift */ = {isa = PBXFileReference; lastKnownFileType = sourcecode.swift; path = StepperHelper.swift; sourceTree = "<group>"; };
		9FFA80E1285AF2AA00318C25 /* DetailsView.swift */ = {isa = PBXFileReference; lastKnownFileType = sourcecode.swift; path = DetailsView.swift; sourceTree = "<group>"; };
		9FFA80E3285AFD2E00318C25 /* DetailsViewModel.swift */ = {isa = PBXFileReference; lastKnownFileType = sourcecode.swift; path = DetailsViewModel.swift; sourceTree = "<group>"; };
/* End PBXFileReference section */

/* Begin PBXFrameworksBuildPhase section */
		9F55653628591F570092EC26 /* Frameworks */ = {
			isa = PBXFrameworksBuildPhase;
			buildActionMask = 2147483647;
			files = (
			);
			runOnlyForDeploymentPostprocessing = 0;
		};
/* End PBXFrameworksBuildPhase section */

/* Begin PBXGroup section */
		9F55653028591F570092EC26 = {
			isa = PBXGroup;
			children = (
				9F55653B28591F570092EC26 /* Essi Stock */,
				9F55653A28591F570092EC26 /* Products */,
			);
			sourceTree = "<group>";
		};
		9F55653A28591F570092EC26 /* Products */ = {
			isa = PBXGroup;
			children = (
				9F55653928591F570092EC26 /* Essi Stock.app */,
			);
			name = Products;
			sourceTree = "<group>";
		};
		9F55653B28591F570092EC26 /* Essi Stock */ = {
			isa = PBXGroup;
			children = (
				9F55653C28591F570092EC26 /* Essi_StockApp.swift */,
				9F55653E28591F570092EC26 /* ContentView.swift */,
				9F55654D2859201D0092EC26 /* API Services */,
				9F55654C28591FEC0092EC26 /* Views */,
				9F55654B28591FE10092EC26 /* ViewModels */,
				9F55654A28591FCE0092EC26 /* Models */,
				9F55654028591F590092EC26 /* Assets.xcassets */,
				9F55654228591F590092EC26 /* Preview Content */,
			);
			path = "Essi Stock";
			sourceTree = "<group>";
		};
		9F55654228591F590092EC26 /* Preview Content */ = {
			isa = PBXGroup;
			children = (
				9F55654328591F590092EC26 /* Preview Assets.xcassets */,
			);
			path = "Preview Content";
			sourceTree = "<group>";
		};
		9F55654A28591FCE0092EC26 /* Models */ = {
			isa = PBXGroup;
			children = (
				9F2DBE4F2861C332006655A2 /* StockClassifier.mlmodel */,
				9F55655D285937880092EC26 /* dataSource.json */,
				9F556550285920C40092EC26 /* ItemModel.swift */,
				9F88F838285A79CF00D0A8C9 /* TabModel.swift */,
				9FC646AF2863ADC9003C480E /* TabStateModel.swift */,
			);
			path = Models;
			sourceTree = "<group>";
		};
		9F55654B28591FE10092EC26 /* ViewModels */ = {
			isa = PBXGroup;
			children = (
				9FFA80E3285AFD2E00318C25 /* DetailsViewModel.swift */,
				9F711EAA2862E5FE008B3FA1 /* TabStateViewModel.swift */,
			);
			path = ViewModels;
			sourceTree = "<group>";
		};
		9F55654C28591FEC0092EC26 /* Views */ = {
			isa = PBXGroup;
			children = (
				9F88F83E285A7C1F00D0A8C9 /* HomeView.swift */,
				9F88F83C285A7A8B00D0A8C9 /* MainView.swift */,
				9F5565522859222A0092EC26 /* CategoritesView.swift */,
				9F556554285922400092EC26 /* CategoritesLevelOneView.swift */,
				9F556556285922530092EC26 /* CategoritesLevelTwoView.swift */,
				9F5565582859226B0092EC26 /* ItemsView.swift */,
				9FFA80E1285AF2AA00318C25 /* DetailsView.swift */,
				9FC646B12863B29A003C480E /* PersonalView.swift */,
				9FC646B32863B310003C480E /* FavoritesView.swift */,
				9FC646B52863B328003C480E /* RecentesView.swift */,
				9F0949FF2859AD2400662370 /* SearchView.swift */,
				9F102EF7285A869C0022FBDB /* CameraReaderView.swift */,
				9F40EDC7285BCECC0053FFDF /* CartView.swift */,
				9F656A3F285C4628003C00F7 /* ConfirmationDialogView.swift */,
				9F55655A28592B3F0092EC26 /* Helpers */,
			);
			path = Views;
			sourceTree = "<group>";
		};
		9F55654D2859201D0092EC26 /* API Services */ = {
			isa = PBXGroup;
			children = (
				9F55654E2859209D0092EC26 /* APIServices.swift */,
			);
			path = "API Services";
			sourceTree = "<group>";
		};
		9F55655A28592B3F0092EC26 /* Helpers */ = {
			isa = PBXGroup;
			children = (
				9F88F83A285A7A7B00D0A8C9 /* HomeViewBuilderHelper.swift */,
				9F0949FB2859A43000662370 /* SearchBarHelper.swift */,
				9F88F836285A797F00D0A8C9 /* SegmentedControlHelper.swift */,
				9F55655B28592B520092EC26 /* ItemCellHelper.swift */,
				9F3AFD3D28603C250069DB14 /* ItemCartHelper.swift */,
				9F470F5C286703E000768B57 /* ItemsHScrollViewHelper.swift */,
				9F25C173285FD334007E4D88 /* ItemConfimationDialogHelper.swift */,
				9F102EF5285A866E0022FBDB /* CameraPreviewHelper.swift */,
				9F102EF9285A8CE50022FBDB /* PhotoButtonHelper.swift */,
				9FFA80DF285AF21600318C25 /* StepperHelper.swift */,
			);
			path = Helpers;
			sourceTree = "<group>";
		};
/* End PBXGroup section */

/* Begin PBXNativeTarget section */
		9F55653828591F570092EC26 /* Essi Stock */ = {
			isa = PBXNativeTarget;
			buildConfigurationList = 9F55654728591F590092EC26 /* Build configuration list for PBXNativeTarget "Essi Stock" */;
			buildPhases = (
				9F55653528591F570092EC26 /* Sources */,
				9F55653628591F570092EC26 /* Frameworks */,
				9F55653728591F570092EC26 /* Resources */,
			);
			buildRules = (
			);
			dependencies = (
			);
			name = "Essi Stock";
			productName = "Essi Stock";
			productReference = 9F55653928591F570092EC26 /* Essi Stock.app */;
			productType = "com.apple.product-type.application";
		};
/* End PBXNativeTarget section */

/* Begin PBXProject section */
		9F55653128591F570092EC26 /* Project object */ = {
			isa = PBXProject;
			attributes = {
				BuildIndependentTargetsInParallel = 1;
				LastSwiftUpdateCheck = 1340;
				LastUpgradeCheck = 1340;
				TargetAttributes = {
					9F55653828591F570092EC26 = {
						CreatedOnToolsVersion = 13.4.1;
					};
				};
			};
			buildConfigurationList = 9F55653428591F570092EC26 /* Build configuration list for PBXProject "Essi Stock" */;
			compatibilityVersion = "Xcode 13.0";
			developmentRegion = en;
			hasScannedForEncodings = 0;
			knownRegions = (
				en,
				Base,
			);
			mainGroup = 9F55653028591F570092EC26;
			productRefGroup = 9F55653A28591F570092EC26 /* Products */;
			projectDirPath = "";
			projectRoot = "";
			targets = (
				9F55653828591F570092EC26 /* Essi Stock */,
			);
		};
/* End PBXProject section */

/* Begin PBXResourcesBuildPhase section */
		9F55653728591F570092EC26 /* Resources */ = {
			isa = PBXResourcesBuildPhase;
			buildActionMask = 2147483647;
			files = (
				9F55654428591F590092EC26 /* Preview Assets.xcassets in Resources */,
				9F55655E285937880092EC26 /* dataSource.json in Resources */,
				9F55654128591F590092EC26 /* Assets.xcassets in Resources */,
			);
			runOnlyForDeploymentPostprocessing = 0;
		};
/* End PBXResourcesBuildPhase section */

/* Begin PBXSourcesBuildPhase section */
		9F55653528591F570092EC26 /* Sources */ = {
			isa = PBXSourcesBuildPhase;
			buildActionMask = 2147483647;
			files = (
				9F55653F28591F570092EC26 /* ContentView.swift in Sources */,
				9FC646B62863B328003C480E /* RecentesView.swift in Sources */,
				9F25C174285FD334007E4D88 /* ItemConfimationDialogHelper.swift in Sources */,
				9F88F83B285A7A7B00D0A8C9 /* HomeViewBuilderHelper.swift in Sources */,
				9F55653D28591F570092EC26 /* Essi_StockApp.swift in Sources */,
				9F556551285920C40092EC26 /* ItemModel.swift in Sources */,
				9F102EF8285A869C0022FBDB /* CameraReaderView.swift in Sources */,
				9F40EDC8285BCECC0053FFDF /* CartView.swift in Sources */,
				9F0949FC2859A43000662370 /* SearchBarHelper.swift in Sources */,
				9F88F837285A797F00D0A8C9 /* SegmentedControlHelper.swift in Sources */,
				9F470F5D286703E000768B57 /* ItemsHScrollViewHelper.swift in Sources */,
				9FFA80E4285AFD2E00318C25 /* DetailsViewModel.swift in Sources */,
				9F5565532859222A0092EC26 /* CategoritesView.swift in Sources */,
				9FFA80E2285AF2AA00318C25 /* DetailsView.swift in Sources */,
				9FC646B22863B29A003C480E /* PersonalView.swift in Sources */,
				9F55654F2859209D0092EC26 /* APIServices.swift in Sources */,
				9FFA80E0285AF21600318C25 /* StepperHelper.swift in Sources */,
				9F556555285922400092EC26 /* CategoritesLevelOneView.swift in Sources */,
				9F55655C28592B520092EC26 /* ItemCellHelper.swift in Sources */,
				9F556557285922530092EC26 /* CategoritesLevelTwoView.swift in Sources */,
				9F5565592859226B0092EC26 /* ItemsView.swift in Sources */,
				9F88F839285A79CF00D0A8C9 /* TabModel.swift in Sources */,
				9FC646B42863B310003C480E /* FavoritesView.swift in Sources */,
				9F102EF6285A866E0022FBDB /* CameraPreviewHelper.swift in Sources */,
				9F102EFA285A8CE50022FBDB /* PhotoButtonHelper.swift in Sources */,
				9F656A40285C4628003C00F7 /* ConfirmationDialogView.swift in Sources */,
				9F88F83F285A7C1F00D0A8C9 /* HomeView.swift in Sources */,
				9F88F83D285A7A8B00D0A8C9 /* MainView.swift in Sources */,
				9F711EAB2862E5FE008B3FA1 /* TabStateViewModel.swift in Sources */,
				9F3AFD3E28603C250069DB14 /* ItemCartHelper.swift in Sources */,
				9F094A002859AD2400662370 /* SearchView.swift in Sources */,
				9F2DBE502861C332006655A2 /* StockClassifier.mlmodel in Sources */,
				9FC646B02863ADC9003C480E /* TabStateModel.swift in Sources */,
			);
			runOnlyForDeploymentPostprocessing = 0;
		};
/* End PBXSourcesBuildPhase section */

/* Begin XCBuildConfiguration section */
		9F55654528591F590092EC26 /* Debug */ = {
			isa = XCBuildConfiguration;
			buildSettings = {
				ALWAYS_SEARCH_USER_PATHS = NO;
				CLANG_ANALYZER_NONNULL = YES;
				CLANG_ANALYZER_NUMBER_OBJECT_CONVERSION = YES_AGGRESSIVE;
				CLANG_CXX_LANGUAGE_STANDARD = "gnu++17";
				CLANG_ENABLE_MODULES = YES;
				CLANG_ENABLE_OBJC_ARC = YES;
				CLANG_ENABLE_OBJC_WEAK = YES;
				CLANG_WARN_BLOCK_CAPTURE_AUTORELEASING = YES;
				CLANG_WARN_BOOL_CONVERSION = YES;
				CLANG_WARN_COMMA = YES;
				CLANG_WARN_CONSTANT_CONVERSION = YES;
				CLANG_WARN_DEPRECATED_OBJC_IMPLEMENTATIONS = YES;
				CLANG_WARN_DIRECT_OBJC_ISA_USAGE = YES_ERROR;
				CLANG_WARN_DOCUMENTATION_COMMENTS = YES;
				CLANG_WARN_EMPTY_BODY = YES;
				CLANG_WARN_ENUM_CONVERSION = YES;
				CLANG_WARN_INFINITE_RECURSION = YES;
				CLANG_WARN_INT_CONVERSION = YES;
				CLANG_WARN_NON_LITERAL_NULL_CONVERSION = YES;
				CLANG_WARN_OBJC_IMPLICIT_RETAIN_SELF = YES;
				CLANG_WARN_OBJC_LITERAL_CONVERSION = YES;
				CLANG_WARN_OBJC_ROOT_CLASS = YES_ERROR;
				CLANG_WARN_QUOTED_INCLUDE_IN_FRAMEWORK_HEADER = YES;
				CLANG_WARN_RANGE_LOOP_ANALYSIS = YES;
				CLANG_WARN_STRICT_PROTOTYPES = YES;
				CLANG_WARN_SUSPICIOUS_MOVE = YES;
				CLANG_WARN_UNGUARDED_AVAILABILITY = YES_AGGRESSIVE;
				CLANG_WARN_UNREACHABLE_CODE = YES;
				CLANG_WARN__DUPLICATE_METHOD_MATCH = YES;
				COPY_PHASE_STRIP = NO;
				DEBUG_INFORMATION_FORMAT = dwarf;
				ENABLE_STRICT_OBJC_MSGSEND = YES;
				ENABLE_TESTABILITY = YES;
				GCC_C_LANGUAGE_STANDARD = gnu11;
				GCC_DYNAMIC_NO_PIC = NO;
				GCC_NO_COMMON_BLOCKS = YES;
				GCC_OPTIMIZATION_LEVEL = 0;
				GCC_PREPROCESSOR_DEFINITIONS = (
					"DEBUG=1",
					"$(inherited)",
				);
				GCC_WARN_64_TO_32_BIT_CONVERSION = YES;
				GCC_WARN_ABOUT_RETURN_TYPE = YES_ERROR;
				GCC_WARN_UNDECLARED_SELECTOR = YES;
				GCC_WARN_UNINITIALIZED_AUTOS = YES_AGGRESSIVE;
				GCC_WARN_UNUSED_FUNCTION = YES;
				GCC_WARN_UNUSED_VARIABLE = YES;
				IPHONEOS_DEPLOYMENT_TARGET = 15.5;
				MTL_ENABLE_DEBUG_INFO = INCLUDE_SOURCE;
				MTL_FAST_MATH = YES;
				ONLY_ACTIVE_ARCH = YES;
				SDKROOT = iphoneos;
				SWIFT_ACTIVE_COMPILATION_CONDITIONS = DEBUG;
				SWIFT_OPTIMIZATION_LEVEL = "-Onone";
			};
			name = Debug;
		};
		9F55654628591F590092EC26 /* Release */ = {
			isa = XCBuildConfiguration;
			buildSettings = {
				ALWAYS_SEARCH_USER_PATHS = NO;
				CLANG_ANALYZER_NONNULL = YES;
				CLANG_ANALYZER_NUMBER_OBJECT_CONVERSION = YES_AGGRESSIVE;
				CLANG_CXX_LANGUAGE_STANDARD = "gnu++17";
				CLANG_ENABLE_MODULES = YES;
				CLANG_ENABLE_OBJC_ARC = YES;
				CLANG_ENABLE_OBJC_WEAK = YES;
				CLANG_WARN_BLOCK_CAPTURE_AUTORELEASING = YES;
				CLANG_WARN_BOOL_CONVERSION = YES;
				CLANG_WARN_COMMA = YES;
				CLANG_WARN_CONSTANT_CONVERSION = YES;
				CLANG_WARN_DEPRECATED_OBJC_IMPLEMENTATIONS = YES;
				CLANG_WARN_DIRECT_OBJC_ISA_USAGE = YES_ERROR;
				CLANG_WARN_DOCUMENTATION_COMMENTS = YES;
				CLANG_WARN_EMPTY_BODY = YES;
				CLANG_WARN_ENUM_CONVERSION = YES;
				CLANG_WARN_INFINITE_RECURSION = YES;
				CLANG_WARN_INT_CONVERSION = YES;
				CLANG_WARN_NON_LITERAL_NULL_CONVERSION = YES;
				CLANG_WARN_OBJC_IMPLICIT_RETAIN_SELF = YES;
				CLANG_WARN_OBJC_LITERAL_CONVERSION = YES;
				CLANG_WARN_OBJC_ROOT_CLASS = YES_ERROR;
				CLANG_WARN_QUOTED_INCLUDE_IN_FRAMEWORK_HEADER = YES;
				CLANG_WARN_RANGE_LOOP_ANALYSIS = YES;
				CLANG_WARN_STRICT_PROTOTYPES = YES;
				CLANG_WARN_SUSPICIOUS_MOVE = YES;
				CLANG_WARN_UNGUARDED_AVAILABILITY = YES_AGGRESSIVE;
				CLANG_WARN_UNREACHABLE_CODE = YES;
				CLANG_WARN__DUPLICATE_METHOD_MATCH = YES;
				COPY_PHASE_STRIP = NO;
				DEBUG_INFORMATION_FORMAT = "dwarf-with-dsym";
				ENABLE_NS_ASSERTIONS = NO;
				ENABLE_STRICT_OBJC_MSGSEND = YES;
				GCC_C_LANGUAGE_STANDARD = gnu11;
				GCC_NO_COMMON_BLOCKS = YES;
				GCC_WARN_64_TO_32_BIT_CONVERSION = YES;
				GCC_WARN_ABOUT_RETURN_TYPE = YES_ERROR;
				GCC_WARN_UNDECLARED_SELECTOR = YES;
				GCC_WARN_UNINITIALIZED_AUTOS = YES_AGGRESSIVE;
				GCC_WARN_UNUSED_FUNCTION = YES;
				GCC_WARN_UNUSED_VARIABLE = YES;
				IPHONEOS_DEPLOYMENT_TARGET = 15.5;
				MTL_ENABLE_DEBUG_INFO = NO;
				MTL_FAST_MATH = YES;
				SDKROOT = iphoneos;
				SWIFT_COMPILATION_MODE = wholemodule;
				SWIFT_OPTIMIZATION_LEVEL = "-O";
				VALIDATE_PRODUCT = YES;
			};
			name = Release;
		};
		9F55654828591F590092EC26 /* Debug */ = {
			isa = XCBuildConfiguration;
			buildSettings = {
				ASSETCATALOG_COMPILER_APPICON_NAME = AppIcon;
				ASSETCATALOG_COMPILER_GLOBAL_ACCENT_COLOR_NAME = AccentColor;
				CODE_SIGN_STYLE = Automatic;
				CURRENT_PROJECT_VERSION = 1;
				DEVELOPMENT_ASSET_PATHS = "\"Essi Stock/Preview Content\"";
				DEVELOPMENT_TEAM = 286V6NN9R7;
				ENABLE_PREVIEWS = YES;
				GENERATE_INFOPLIST_FILE = YES;
				INFOPLIST_KEY_UIApplicationSceneManifest_Generation = YES;
				INFOPLIST_KEY_UIApplicationSupportsIndirectInputEvents = YES;
				INFOPLIST_KEY_UILaunchScreen_Generation = YES;
				INFOPLIST_KEY_UISupportedInterfaceOrientations_iPad = "UIInterfaceOrientationPortrait UIInterfaceOrientationPortraitUpsideDown UIInterfaceOrientationLandscapeLeft UIInterfaceOrientationLandscapeRight";
				INFOPLIST_KEY_UISupportedInterfaceOrientations_iPhone = "UIInterfaceOrientationPortrait UIInterfaceOrientationLandscapeLeft UIInterfaceOrientationLandscapeRight";
				LD_RUNPATH_SEARCH_PATHS = (
					"$(inherited)",
					"@executable_path/Frameworks",
				);
				MARKETING_VERSION = 1.0;
				PRODUCT_BUNDLE_IDENTIFIER = "com.Essi-Stock";
				PRODUCT_NAME = "$(TARGET_NAME)";
				SWIFT_EMIT_LOC_STRINGS = YES;
				SWIFT_VERSION = 5.0;
				TARGETED_DEVICE_FAMILY = "1,2";
			};
			name = Debug;
		};
		9F55654928591F590092EC26 /* Release */ = {
			isa = XCBuildConfiguration;
			buildSettings = {
				ASSETCATALOG_COMPILER_APPICON_NAME = AppIcon;
				ASSETCATALOG_COMPILER_GLOBAL_ACCENT_COLOR_NAME = AccentColor;
				CODE_SIGN_STYLE = Automatic;
				CURRENT_PROJECT_VERSION = 1;
				DEVELOPMENT_ASSET_PATHS = "\"Essi Stock/Preview Content\"";
				DEVELOPMENT_TEAM = 286V6NN9R7;
				ENABLE_PREVIEWS = YES;
				GENERATE_INFOPLIST_FILE = YES;
				INFOPLIST_KEY_UIApplicationSceneManifest_Generation = YES;
				INFOPLIST_KEY_UIApplicationSupportsIndirectInputEvents = YES;
				INFOPLIST_KEY_UILaunchScreen_Generation = YES;
				INFOPLIST_KEY_UISupportedInterfaceOrientations_iPad = "UIInterfaceOrientationPortrait UIInterfaceOrientationPortraitUpsideDown UIInterfaceOrientationLandscapeLeft UIInterfaceOrientationLandscapeRight";
				INFOPLIST_KEY_UISupportedInterfaceOrientations_iPhone = "UIInterfaceOrientationPortrait UIInterfaceOrientationLandscapeLeft UIInterfaceOrientationLandscapeRight";
				LD_RUNPATH_SEARCH_PATHS = (
					"$(inherited)",
					"@executable_path/Frameworks",
				);
				MARKETING_VERSION = 1.0;
				PRODUCT_BUNDLE_IDENTIFIER = "com.Essi-Stock";
				PRODUCT_NAME = "$(TARGET_NAME)";
				SWIFT_EMIT_LOC_STRINGS = YES;
				SWIFT_VERSION = 5.0;
				TARGETED_DEVICE_FAMILY = "1,2";
			};
			name = Release;
		};
/* End XCBuildConfiguration section */

/* Begin XCConfigurationList section */
		9F55653428591F570092EC26 /* Build configuration list for PBXProject "Essi Stock" */ = {
			isa = XCConfigurationList;
			buildConfigurations = (
				9F55654528591F590092EC26 /* Debug */,
				9F55654628591F590092EC26 /* Release */,
			);
			defaultConfigurationIsVisible = 0;
			defaultConfigurationName = Release;
		};
		9F55654728591F590092EC26 /* Build configuration list for PBXNativeTarget "Essi Stock" */ = {
			isa = XCConfigurationList;
			buildConfigurations = (
				9F55654828591F590092EC26 /* Debug */,
				9F55654928591F590092EC26 /* Release */,
			);
			defaultConfigurationIsVisible = 0;
			defaultConfigurationName = Release;
		};
/* End XCConfigurationList section */
	};
	rootObject = 9F55653128591F570092EC26 /* Project object */;
}
